# This file was autogenerated by uv via the following command:
#    uv pip compile requirements.txt -o requirements.lock --python .venv/bin/python
contourpy==1.4.0
    # via matplotlib
cycler==0.12.1
    # via matplotlib
fonttools==4.66.1
    # via matplotlib
jax==0.11.2
    # via -r requirements.txt
jaxlib==0.11.2
    # via
    #   -r requirements.txt
    #   jax
kiwisolver==1.5.1
    # via matplotlib
matplotlib==3.11.2
    # via -r requirements.txt
ml-dtypes==0.6.0
    # via
    #   jax
    #   jaxlib
numpy==2.5.3
    # via
    #   -r requirements.txt
    #   contourpy
    #   jax
    #   jaxlib
    #   matplotlib
    #   ml-dtypes
    #   scipy
opt-einsum==3.4.0
    # via jax
packaging==26.3
    # via matplotlib
pillow==12.3.0
    # via matplotlib
pyparsing==3.3.3
    # via matplotlib
python-dateutil==2.9.0.post0
    # via matplotlib
scipy==1.18.1
    # via
    #   jax
    #   jaxlib
six==1.17.0
    # via python-dateutil
